// !$*UTF8*$!
{
	archiveVersion = 1;
	classes = {
	};
	objectVersion = 46;
	objects = {

/* Begin PBXBuildFile section */
		9581BB7C14FCD447007AAD7E /* UIKit.framework in Frameworks */ = {isa = PBXBuildFile; fileRef = 9581BB7B14FCD447007AAD7E /* UIKit.framework */; };
		9581BB7E14FCD447007AAD7E /* Foundation.framework in Frameworks */ = {isa = PBXBuildFile; fileRef = 9581BB7D14FCD447007AAD7E /* Foundation.framework */; };
		9581BB8014FCD447007AAD7E /* CoreGraphics.framework in Frameworks */ = {isa = PBXBuildFile; fileRef = 9581BB7F14FCD447007AAD7E /* CoreGraphics.framework */; };
		9581BB8614FCD447007AAD7E /* InfoPlist.strings in Resources */ = {isa = PBXBuildFile; fileRef = 9581BB8414FCD447007AAD7E /* InfoPlist.strings */; };
		9581BB8814FCD447007AAD7E /* main.m in Sources */ = {isa = PBXBuildFile; fileRef = 9581BB8714FCD447007AAD7E /* main.m */; };
		9581BB8C14FCD447007AAD7E /* AppDelegate.m in Sources */ = {isa = PBXBuildFile; fileRef = 9581BB8B14FCD447007AAD7E /* AppDelegate.m */; };
/* End PBXBuildFile section */

/* Begin PBXFileReference section */
		9581BB7714FCD447007AAD7E /* ICCAddressBook.app */ = {isa = PBXFileReference; explicitFileType = wrapper.application; includeInIndex = 0; path = ICCAddressBook.app; sourceTree = BUILT_PRODUCTS_DIR; };
		9581BB7B14FCD447007AAD7E /* UIKit.framework */ = {isa = PBXFileReference; lastKnownFileType = wrapper.framework; name = UIKit.framework; path = System/Library/Frameworks/UIKit.framework; sourceTree = SDKROOT; };
		9581BB7D14FCD447007AAD7E /* Foundation.framework */ = {isa = PBXFileReference; lastKnownFileType = wrapper.framework; name = Foundation.framework; path = System/Library/Frameworks/Foundation.framework; sourceTree = SDKROOT; };
		9581BB7F14FCD447007AAD7E /* CoreGraphics.framework */ = {isa = PBXFileReference; lastKnownFileType = wrapper.framework; name = CoreGraphics.framework; path = System/Library/Frameworks/CoreGraphics.framework; sourceTree = SDKROOT; };
		9581BB8314FCD447007AAD7E /* ICCAddressBook-Info.plist */ = {isa = PBXFileReference; path = "ICCAddressBook-Info.plist"; sourceTree = "<group>"; };
		9581BB8514FCD447007AAD7E /* en */ = {isa = PBXFileReference; lastKnownFileType = text.plist.strings; name = en; path = en.lproj/InfoPlist.strings; sourceTree = "<group>"; };
		9581BB8714FCD447007AAD7E /* main.m */ = {isa = PBXFileReference; lastKnownFileType = sourcecode.c.objc; path = main.m; sourceTree = "<group>"; };
		9581BB8914FCD447007AAD7E /* ICCAddressBook-Prefix.pch */ = {isa = PBXFileReference; path = "ICCAddressBook-Prefix.pch"; sourceTree = "<group>"; };
		9581BB8A14FCD447007AAD7E /* AppDelegate.h */ = {isa = PBXFileReference; path = AppDelegate.h; sourceTree = "<group>"; };
		9581BB8B14FCD447007AAD7E /* AppDelegate.m */ = {isa = PBXFileReference; lastKnownFileType = sourcecode.c.objc; path = AppDelegate.m; sourceTree = "<group>"; };
/* End PBXFileReference section */

/* Begin PBXFrameworksBuildPhase section */
		9581BB7414FCD447007AAD7E /* Frameworks */ = {
			isa = PBXFrameworksBuildPhase;
			buildActionMask = 2147483647;
			files = (
				9581BB7C14FCD447007AAD7E /* UIKit.framework in Frameworks */,
				9581BB7E14FCD447007AAD7E /* Foundation.framework in Frameworks */,
				9581BB8014FCD447007AAD7E /* CoreGraphics.framework in Frameworks */,
			);
			runOnlyForDeploymentPostprocessing = 0;
		};
/* End PBXFrameworksBuildPhase section */

/* Begin PBXGroup section */
		9581BB6C14FCD447007AAD7E = {
			isa = PBXGroup;
			children = (
				9581BB8114FCD447007AAD7E /* ICCAddressBook */,
				9581BB7A14FCD447007AAD7E /* Frameworks */,
				9581BB7814FCD447007AAD7E /* Products */,
			);
			sourceTree = "<group>";
		};
		9581BB7814FCD447007AAD7E /* Products */ = {
			isa = PBXGroup;
			children = (
				9581BB7714FCD447007AAD7E /* ICCAddressBook.app */,
			);
			name = Products;
			sourceTree = "<group>";
		};
		9581BB7A14FCD447007AAD7E /* Frameworks */ = {
			isa = PBXGroup;
			children = (
				9581BB7B14FCD447007AAD7E /* UIKit.framework */,
				9581BB7D14FCD447007AAD7E /* Foundation.framework */,
				9581BB7F14FCD447007AAD7E /* CoreGraphics.framework */,
			);
			name = Frameworks;
			sourceTree = "<group>";
		};
		9581BB8114FCD447007AAD7E /* ICCAddressBook */ = {
			isa = PBXGroup;
			children = (
				9581BB8A14FCD447007AAD7E /* AppDelegate.h */,
				9581BB8B14FCD447007AAD7E /* AppDelegate.m */,
				9581BB8214FCD447007AAD7E /* Supporting Files */,
			);
			path = ICCAddressBook;
			sourceTree = "<group>";
		};
		9581BB8214FCD447007AAD7E /* Supporting Files */ = {
			isa = PBXGroup;
			children = (
				9581BB8314FCD447007AAD7E /* ICCAddressBook-Info.plist */,
				9581BB8414FCD447007AAD7E /* InfoPlist.strings */,
				9581BB8714FCD447007AAD7E /* main.m */,
				9581BB8914FCD447007AAD7E /* ICCAddressBook-Prefix.pch */,
			);
			name = "Supporting Files";
			sourceTree = "<group>";
		};
/* End PBXGroup section */

/* Begin PBXNativeTarget section */
		9581BB7614FCD447007AAD7E /* ICCAddressBook */ = {
			isa = PBXNativeTarget;
			buildConfigurationList = 9581BB8F14FCD447007AAD7E /* Build configuration list for PBXNativeTarget "ICCAddressBook" */;
			buildPhases = (
				9581BB7314FCD447007AAD7E /* Sources */,
				9581BB7414FCD447007AAD7E /* Frameworks */,
				9581BB7514FCD447007AAD7E /* Resources */,
			);
			buildRules = (
			);
			dependencies = (
			);
			name = ICCAddressBook;
			productName = ICCAddressBook;
			productReference = 9581BB7714FCD447007AAD7E /* ICCAddressBook.app */;
			productType = "com.apple.product-type.application";
		};
/* End PBXNativeTarget section */

/* Begin PBXProject section */
		9581BB6E14FCD447007AAD7E /* Project object */ = {
			isa = PBXProject;
			attributes = {
				LastUpgradeCheck = 0420;
			};
			buildConfigurationList = 9581BB7114FCD447007AAD7E /* Build configuration list for PBXProject "ICCAddressBook" */;
			compatibilityVersion = "Xcode 3.2";
			developmentRegion = English;
			hasScannedForEncodings = 0;
			knownRegions = (
				en,
			);
			mainGroup = 9581BB6C14FCD447007AAD7E;
			productRefGroup = 9581BB7814FCD447007AAD7E /* Products */;
			projectDirPath = "";
			projectRoot = "";
			targets = (
				9581BB7614FCD447007AAD7E /* ICCAddressBook */,
			);
		};
/* End PBXProject section */

/* Begin PBXResourcesBuildPhase section */
		9581BB7514FCD447007AAD7E /* Resources */ = {
			isa = PBXResourcesBuildPhase;
			buildActionMask = 2147483647;
			files = (
				9581BB8614FCD447007AAD7E /* InfoPlist.strings in Resources */,
			);
			runOnlyForDeploymentPostprocessing = 0;
		};
/* End PBXResourcesBuildPhase section */

/* Begin PBXSourcesBuildPhase section */
		9581BB7314FCD447007AAD7E /* Sources */ = {
			isa = PBXSourcesBuildPhase;
			buildActionMask = 2147483647;
			files = (
				9581BB8814FCD447007AAD7E /* main.m in Sources */,
				9581BB8C14FCD447007AAD7E /* AppDelegate.m in Sources */,
			);
			runOnlyForDeploymentPostprocessing = 0;
		};
/* End PBXSourcesBuildPhase section */

/* Begin PBXVariantGroup section */
		9581BB8414FCD447007AAD7E /* InfoPlist.strings */ = {
			isa = PBXVariantGroup;
			children = (
				9581BB8514FCD447007AAD7E /* en */,
			);
			name = InfoPlist.strings;
			sourceTree = "<group>";
		};
/* End PBXVariantGroup section */

/* Begin XCBuildConfiguration section */
		9581BB8D14FCD447007AAD7E /* Debug */ = {
			isa = XCBuildConfiguration;
			buildSettings = {
				ALWAYS_SEARCH_USER_PATHS = NO;
				ARCHS = "$(ARCHS_STANDARD_32_BIT)";
				"CODE_SIGN_IDENTITY[sdk=iphoneos*]" = "iPhone Developer";
				COPY_PHASE_STRIP = NO;
				GCC_C_LANGUAGE_STANDARD = gnu99;
				GCC_DYNAMIC_NO_PIC = NO;
				GCC_OPTIMIZATION_LEVEL = 0;
				GCC_PREPROCESSOR_DEFINITIONS = (
					"DEBUG=1",
					"$(inherited)",
				);
				GCC_SYMBOLS_PRIVATE_EXTERN = NO;
				GCC_VERSION = com.apple.compilers.llvm.clang.1_0;
				GCC_WARN_ABOUT_MISSING_PROTOTYPES = YES;
				GCC_WARN_ABOUT_RETURN_TYPE = YES;
				GCC_WARN_UNUSED_VARIABLE = YES;
				IPHONEOS_DEPLOYMENT_TARGET = 5.0;
				SDKROOT = iphoneos;
			};
			name = Debug;
		};
		9581BB8E14FCD447007AAD7E /* Release */ = {
			isa = XCBuildConfiguration;
			buildSettings = {
				ALWAYS_SEARCH_USER_PATHS = NO;
				ARCHS = "$(ARCHS_STANDARD_32_BIT)";
				"CODE_SIGN_IDENTITY[sdk=iphoneos*]" = "iPhone Developer";
				COPY_PHASE_STRIP = YES;
				GCC_C_LANGUAGE_STANDARD = gnu99;
				GCC_VERSION = com.apple.compilers.llvm.clang.1_0;
				GCC_WARN_ABOUT_MISSING_PROTOTYPES = YES;
				GCC_WARN_ABOUT_RETURN_TYPE = YES;
				GCC_WARN_UNUSED_VARIABLE = YES;
				IPHONEOS_DEPLOYMENT_TARGET = 5.0;
				OTHER_CFLAGS = "-DNS_BLOCK_ASSERTIONS=1";
				SDKROOT = iphoneos;
				VALIDATE_PRODUCT = YES;
			};
			name = Release;
		};
		9581BB9014FCD447007AAD7E /* Debug */ = {
			isa = XCBuildConfiguration;
			buildSettings = {
				GCC_PRECOMPILE_PREFIX_HEADER = YES;
				GCC_PREFIX_HEADER = "ICCAddressBook/ICCAddressBook-Prefix.pch";
				INFOPLIST_FILE = "ICCAddressBook/ICCAddressBook-Info.plist";
				PRODUCT_NAME = "$(TARGET_NAME)";
				WRAPPER_EXTENSION = app;
			};
			name = Debug;
		};
		9581BB9114FCD447007AAD7E /* Release */ = {
			isa = XCBuildConfiguration;
			buildSettings = {
				GCC_PRECOMPILE_PREFIX_HEADER = YES;
				GCC_PREFIX_HEADER = "ICCAddressBook/ICCAddressBook-Prefix.pch";
				INFOPLIST_FILE = "ICCAddressBook/ICCAddressBook-Info.plist";
				PRODUCT_NAME = "$(TARGET_NAME)";
				WRAPPER_EXTENSION = app;
			};
			name = Release;
		};
/* End XCBuildConfiguration section */

/* Begin XCConfigurationList section */
		9581BB7114FCD447007AAD7E /* Build configuration list for PBXProject "ICCAddressBook" */ = {
			isa = XCConfigurationList;
			buildConfigurations = (
				9581BB8D14FCD447007AAD7E /* Debug */,
				9581BB8E14FCD447007AAD7E /* Release */,
			);
			defaultConfigurationIsVisible = 0;
			defaultConfigurationName = Release;
		};
		9581BB8F14FCD447007AAD7E /* Build configuration list for PBXNativeTarget "ICCAddressBook" */ = {
			isa = XCConfigurationList;
			buildConfigurations = (
				9581BB9014FCD447007AAD7E /* Debug */,
				9581BB9114FCD447007AAD7E /* Release */,
			);
			defaultConfigurationIsVisible = 0;
		};
/* End XCConfigurationList section */
	};
	rootObject = 9581BB6E14FCD447007AAD7E /* Project object */;
}
